
Microsoft Visual Studio Solution File, Format Version 12.00
# Visual Studio 15
VisualStudioVersion = 15.0.28307.168
MinimumVisualStudioVersion = 10.0.40219.1
Project("{9A19103F-16F7-4668-BE54-9A1E7A4F7556}") = "Avro", "Avro\Avro.csproj", "{72665764-3B24-4AD1-97D8-CA445771DC31}"
EndProject
Project("{9A19103F-16F7-4668-BE54-9A1E7A4F7556}") = "AvroConvert", "AvroConvert\AvroConvert.csproj", "{37EA7AF6-E811-4699-B489-97BFB21EA26B}"
EndProject
Project("{FAE04EC0-301F-11D3-BF4B-00C04F79EFBC}") = "AvroConvertTests", "tests\AvroConvertTests\AvroConvertTests.csproj", "{B566FDF6-7D7F-4391-95D7-8166E0227B66}"
EndProject
Project("{2150E333-8FDC-42A3-9474-1A3956D46DE8}") = "tests", "tests", "{CCBD5998-CCF4-48BA-B80E-716F68613375}"
EndProject
Global
	GlobalSection(SolutionConfigurationPlatforms) = preSolution
		Debug|Any CPU = Debug|Any CPU
		Debug|Mixed Platforms = Debug|Mixed Platforms
		Debug|x86 = Debug|x86
		Release|Any CPU = Release|Any CPU
		Release|Mixed Platforms = Release|Mixed Platforms
		Release|x86 = Release|x86
	EndGlobalSection
	GlobalSection(ProjectConfigurationPlatforms) = postSolution
		{72665764-3B24-4AD1-97D8-CA445771DC31}.Debug|Any CPU.ActiveCfg = Debug|Any CPU
		{72665764-3B24-4AD1-97D8-CA445771DC31}.Debug|Any CPU.Build.0 = Debug|Any CPU
		{72665764-3B24-4AD1-97D8-CA445771DC31}.Debug|Mixed Platforms.ActiveCfg = Debug|Any CPU
		{72665764-3B24-4AD1-97D8-CA445771DC31}.Debug|Mixed Platforms.Build.0 = Debug|Any CPU
		{72665764-3B24-4AD1-97D8-CA445771DC31}.Debug|x86.ActiveCfg = Debug|Any CPU
		{72665764-3B24-4AD1-97D8-CA445771DC31}.Debug|x86.Build.0 = Debug|Any CPU
		{72665764-3B24-4AD1-97D8-CA445771DC31}.Release|Any CPU.ActiveCfg = Release|Any CPU
		{72665764-3B24-4AD1-97D8-CA445771DC31}.Release|Any CPU.Build.0 = Release|Any CPU
		{72665764-3B24-4AD1-97D8-CA445771DC31}.Release|Mixed Platforms.ActiveCfg = Release|Any CPU
		{72665764-3B24-4AD1-97D8-CA445771DC31}.Release|Mixed Platforms.Build.0 = Release|Any CPU
		{72665764-3B24-4AD1-97D8-CA445771DC31}.Release|x86.ActiveCfg = Release|Any CPU
		{72665764-3B24-4AD1-97D8-CA445771DC31}.Release|x86.Build.0 = Release|Any CPU
		{37EA7AF6-E811-4699-B489-97BFB21EA26B}.Debug|Any CPU.ActiveCfg = Debug|Any CPU
		{37EA7AF6-E811-4699-B489-97BFB21EA26B}.Debug|Any CPU.Build.0 = Debug|Any CPU
		{37EA7AF6-E811-4699-B489-97BFB21EA26B}.Debug|Mixed Platforms.ActiveCfg = Debug|Any CPU
		{37EA7AF6-E811-4699-B489-97BFB21EA26B}.Debug|Mixed Platforms.Build.0 = Debug|Any CPU
		{37EA7AF6-E811-4699-B489-97BFB21EA26B}.Debug|x86.ActiveCfg = Debug|Any CPU
		{37EA7AF6-E811-4699-B489-97BFB21EA26B}.Debug|x86.Build.0 = Debug|Any CPU
		{37EA7AF6-E811-4699-B489-97BFB21EA26B}.Release|Any CPU.ActiveCfg = Release|Any CPU
		{37EA7AF6-E811-4699-B489-97BFB21EA26B}.Release|Any CPU.Build.0 = Release|Any CPU
		{37EA7AF6-E811-4699-B489-97BFB21EA26B}.Release|Mixed Platforms.ActiveCfg = Release|Any CPU
		{37EA7AF6-E811-4699-B489-97BFB21EA26B}.Release|Mixed Platforms.Build.0 = Release|Any CPU
		{37EA7AF6-E811-4699-B489-97BFB21EA26B}.Release|x86.ActiveCfg = Release|Any CPU
		{37EA7AF6-E811-4699-B489-97BFB21EA26B}.Release|x86.Build.0 = Release|Any CPU
		{B566FDF6-7D7F-4391-95D7-8166E0227B66}.Debug|Any CPU.ActiveCfg = Debug|Any CPU
		{B566FDF6-7D7F-4391-95D7-8166E0227B66}.Debug|Any CPU.Build.0 = Debug|Any CPU
		{B566FDF6-7D7F-4391-95D7-8166E0227B66}.Debug|Mixed Platforms.ActiveCfg = Debug|Any CPU
		{B566FDF6-7D7F-4391-95D7-8166E0227B66}.Debug|Mixed Platforms.Build.0 = Debug|Any CPU
		{B566FDF6-7D7F-4391-95D7-8166E0227B66}.Debug|x86.ActiveCfg = Debug|Any CPU
		{B566FDF6-7D7F-4391-95D7-8166E0227B66}.Debug|x86.Build.0 = Debug|Any CPU
		{B566FDF6-7D7F-4391-95D7-8166E0227B66}.Release|Any CPU.ActiveCfg = Release|Any CPU
		{B566FDF6-7D7F-4391-95D7-8166E0227B66}.Release|Any CPU.Build.0 = Release|Any CPU
		{B566FDF6-7D7F-4391-95D7-8166E0227B66}.Release|Mixed Platforms.ActiveCfg = Release|Any CPU
		{B566FDF6-7D7F-4391-95D7-8166E0227B66}.Release|Mixed Platforms.Build.0 = Release|Any CPU
		{B566FDF6-7D7F-4391-95D7-8166E0227B66}.Release|x86.ActiveCfg = Release|Any CPU
		{B566FDF6-7D7F-4391-95D7-8166E0227B66}.Release|x86.Build.0 = Release|Any CPU
	EndGlobalSection
	GlobalSection(SolutionProperties) = preSolution
		HideSolutionNode = FALSE
	EndGlobalSection
	GlobalSection(NestedProjects) = preSolution
		{B566FDF6-7D7F-4391-95D7-8166E0227B66} = {CCBD5998-CCF4-48BA-B80E-716F68613375}
	EndGlobalSection
	GlobalSection(ExtensibilityGlobals) = postSolution
		SolutionGuid = {F9BF1700-C9CB-438A-B3CD-601762B9DCB2}
	EndGlobalSection
EndGlobal
