
Microsoft Visual Studio Solution File, Format Version 12.00
# Visual Studio Version 16
VisualStudioVersion = 16.0.28729.10
MinimumVisualStudioVersion = 10.0.40219.1
Project("{9A19103F-16F7-4668-BE54-9A1E7A4F7556}") = "AvroConvertTests", "tests\AvroConvertTests\AvroConvertTests.csproj", "{B566FDF6-7D7F-4391-95D7-8166E0227B66}"
EndProject
Project("{2150E333-8FDC-42A3-9474-1A3956D46DE8}") = "tests", "tests", "{CCBD5998-CCF4-48BA-B80E-716F68613375}"
EndProject
Project("{9A19103F-16F7-4668-BE54-9A1E7A4F7556}") = "AvroConvert", "src\AvroConvert\AvroConvert.csproj", "{6D7BC559-A191-426D-AE26-B2050C1583D5}"
EndProject
Project("{9A19103F-16F7-4668-BE54-9A1E7A4F7556}") = "AvroOrigin", "src\Avro\AvroOrigin.csproj", "{E902B366-F27B-4BAA-A15C-65A01CFF9867}"
EndProject
Project("{2150E333-8FDC-42A3-9474-1A3956D46DE8}") = "docs", "docs", "{45B109EA-AE78-4432-8DE5-ABE152EC9ED5}"
	ProjectSection(SolutionItems) = preProject
		docs\CHANGELOG.md = docs\CHANGELOG.md
		README.md = README.md
	EndProjectSection
EndProject
Project("{2150E333-8FDC-42A3-9474-1A3956D46DE8}") = "Solution Items", "Solution Items", "{97C3224F-26F8-4FDF-A047-3D84C8625C94}"
	ProjectSection(SolutionItems) = preProject
		.gitignore = .gitignore
	EndProjectSection
EndProject
Global
	GlobalSection(SolutionConfigurationPlatforms) = preSolution
		Debug|Any CPU = Debug|Any CPU
		Debug|Mixed Platforms = Debug|Mixed Platforms
		Debug|x86 = Debug|x86
		Release|Any CPU = Release|Any CPU
		Release|Mixed Platforms = Release|Mixed Platforms
		Release|x86 = Release|x86
	EndGlobalSection
	GlobalSection(ProjectConfigurationPlatforms) = postSolution
		{B566FDF6-7D7F-4391-95D7-8166E0227B66}.Debug|Any CPU.ActiveCfg = Debug|Any CPU
		{B566FDF6-7D7F-4391-95D7-8166E0227B66}.Debug|Any CPU.Build.0 = Debug|Any CPU
		{B566FDF6-7D7F-4391-95D7-8166E0227B66}.Debug|Mixed Platforms.ActiveCfg = Debug|Any CPU
		{B566FDF6-7D7F-4391-95D7-8166E0227B66}.Debug|Mixed Platforms.Build.0 = Debug|Any CPU
		{B566FDF6-7D7F-4391-95D7-8166E0227B66}.Debug|x86.ActiveCfg = Debug|Any CPU
		{B566FDF6-7D7F-4391-95D7-8166E0227B66}.Debug|x86.Build.0 = Debug|Any CPU
		{B566FDF6-7D7F-4391-95D7-8166E0227B66}.Release|Any CPU.ActiveCfg = Release|Any CPU
		{B566FDF6-7D7F-4391-95D7-8166E0227B66}.Release|Any CPU.Build.0 = Release|Any CPU
		{B566FDF6-7D7F-4391-95D7-8166E0227B66}.Release|Mixed Platforms.ActiveCfg = Release|Any CPU
		{B566FDF6-7D7F-4391-95D7-8166E0227B66}.Release|Mixed Platforms.Build.0 = Release|Any CPU
		{B566FDF6-7D7F-4391-95D7-8166E0227B66}.Release|x86.ActiveCfg = Release|Any CPU
		{B566FDF6-7D7F-4391-95D7-8166E0227B66}.Release|x86.Build.0 = Release|Any CPU
		{6D7BC559-A191-426D-AE26-B2050C1583D5}.Debug|Any CPU.ActiveCfg = Debug|Any CPU
		{6D7BC559-A191-426D-AE26-B2050C1583D5}.Debug|Any CPU.Build.0 = Debug|Any CPU
		{6D7BC559-A191-426D-AE26-B2050C1583D5}.Debug|Mixed Platforms.ActiveCfg = Debug|Any CPU
		{6D7BC559-A191-426D-AE26-B2050C1583D5}.Debug|Mixed Platforms.Build.0 = Debug|Any CPU
		{6D7BC559-A191-426D-AE26-B2050C1583D5}.Debug|x86.ActiveCfg = Debug|Any CPU
		{6D7BC559-A191-426D-AE26-B2050C1583D5}.Debug|x86.Build.0 = Debug|Any CPU
		{6D7BC559-A191-426D-AE26-B2050C1583D5}.Release|Any CPU.ActiveCfg = Release|Any CPU
		{6D7BC559-A191-426D-AE26-B2050C1583D5}.Release|Any CPU.Build.0 = Release|Any CPU
		{6D7BC559-A191-426D-AE26-B2050C1583D5}.Release|Mixed Platforms.ActiveCfg = Release|Any CPU
		{6D7BC559-A191-426D-AE26-B2050C1583D5}.Release|Mixed Platforms.Build.0 = Release|Any CPU
		{6D7BC559-A191-426D-AE26-B2050C1583D5}.Release|x86.ActiveCfg = Release|Any CPU
		{6D7BC559-A191-426D-AE26-B2050C1583D5}.Release|x86.Build.0 = Release|Any CPU
		{E902B366-F27B-4BAA-A15C-65A01CFF9867}.Debug|Any CPU.ActiveCfg = Debug|Any CPU
		{E902B366-F27B-4BAA-A15C-65A01CFF9867}.Debug|Any CPU.Build.0 = Debug|Any CPU
		{E902B366-F27B-4BAA-A15C-65A01CFF9867}.Debug|Mixed Platforms.ActiveCfg = Debug|Any CPU
		{E902B366-F27B-4BAA-A15C-65A01CFF9867}.Debug|Mixed Platforms.Build.0 = Debug|Any CPU
		{E902B366-F27B-4BAA-A15C-65A01CFF9867}.Debug|x86.ActiveCfg = Debug|Any CPU
		{E902B366-F27B-4BAA-A15C-65A01CFF9867}.Debug|x86.Build.0 = Debug|Any CPU
		{E902B366-F27B-4BAA-A15C-65A01CFF9867}.Release|Any CPU.ActiveCfg = Release|Any CPU
		{E902B366-F27B-4BAA-A15C-65A01CFF9867}.Release|Any CPU.Build.0 = Release|Any CPU
		{E902B366-F27B-4BAA-A15C-65A01CFF9867}.Release|Mixed Platforms.ActiveCfg = Release|Any CPU
		{E902B366-F27B-4BAA-A15C-65A01CFF9867}.Release|Mixed Platforms.Build.0 = Release|Any CPU
		{E902B366-F27B-4BAA-A15C-65A01CFF9867}.Release|x86.ActiveCfg = Release|Any CPU
		{E902B366-F27B-4BAA-A15C-65A01CFF9867}.Release|x86.Build.0 = Release|Any CPU
	EndGlobalSection
	GlobalSection(SolutionProperties) = preSolution
		HideSolutionNode = FALSE
	EndGlobalSection
	GlobalSection(NestedProjects) = preSolution
		{B566FDF6-7D7F-4391-95D7-8166E0227B66} = {CCBD5998-CCF4-48BA-B80E-716F68613375}
	EndGlobalSection
	GlobalSection(ExtensibilityGlobals) = postSolution
		SolutionGuid = {F9BF1700-C9CB-438A-B3CD-601762B9DCB2}
	EndGlobalSection
EndGlobal
